{
  "version": 4,
  "terraform_version": "1.14.3",
  "serial": 2,
  "lineage": "5df96867-4738-4bf1-3f2b-4fed0d11d56b",
  "outputs": {
    "filename": {
      "value": {
        "content": "abc.txt file content",
        "content_base64": null,
        "content_base64sha256": "1iZgCRVUskEgrqys3qIOEZOIWCMuqKqmPC4qCk5dniE=",
        "content_base64sha512": "VQTcXcYeKDqYOic4URMmhqOczVFX/i4q0KDDx2DX1r0gk3d2iIF6ehW3Bm6p0w+SMKEMmbZ+Dp8HvuYLnA6xtA==",
        "content_md5": "1ba16e957b7618aac962ce5cb5c1f64e",
        "content_sha1": "81ef43cda37b0dac34b4c53dfb523a3cfe6ced2e",
        "content_sha256": "d62660091554b24120aeacacdea20e11938858232ea8aaa63c2e2a0a4e5d9e21",
        "content_sha512": "5504dc5dc61e283a983a273851132686a39ccd5157fe2e2ad0a0c3c760d7d6bd2093777688817a7a15b7066ea9d30f9230a10c99b67e0e9f07bee60b9c0eb1b4",
        "directory_permission": "0777",
        "file_permission": "0777",
        "filename": "abc.txt",
        "id": "81ef43cda37b0dac34b4c53dfb523a3cfe6ced2e",
        "sensitive_content": null,
        "source": null
      },
      "type": [
        "object",
        {
          "content": "string",
          "content_base64": "string",
          "content_base64sha256": "string",
          "content_base64sha512": "string",
          "content_md5": "string",
          "content_sha1": "string",
          "content_sha256": "string",
          "content_sha512": "string",
          "directory_permission": "string",
          "file_permission": "string",
          "filename": "string",
          "id": "string",
          "sensitive_content": "string",
          "source": "string"
        }
      ],
      "sensitive": true
    }
  },
  "resources": [
    {
      "mode": "managed",
      "type": "local_file",
      "name": "f1",
      "provider": "provider[\"registry.terraform.io/hashicorp/local\"]",
      "instances": [
        {
          "schema_version": 0,
          "attributes": {
            "content": "abc.txt file content",
            "content_base64": null,
            "content_base64sha256": "1iZgCRVUskEgrqys3qIOEZOIWCMuqKqmPC4qCk5dniE=",
            "content_base64sha512": "VQTcXcYeKDqYOic4URMmhqOczVFX/i4q0KDDx2DX1r0gk3d2iIF6ehW3Bm6p0w+SMKEMmbZ+Dp8HvuYLnA6xtA==",
            "content_md5": "1ba16e957b7618aac962ce5cb5c1f64e",
            "content_sha1": "81ef43cda37b0dac34b4c53dfb523a3cfe6ced2e",
            "content_sha256": "d62660091554b24120aeacacdea20e11938858232ea8aaa63c2e2a0a4e5d9e21",
            "content_sha512": "5504dc5dc61e283a983a273851132686a39ccd5157fe2e2ad0a0c3c760d7d6bd2093777688817a7a15b7066ea9d30f9230a10c99b67e0e9f07bee60b9c0eb1b4",
            "directory_permission": "0777",
            "file_permission": "0777",
            "filename": "abc.txt",
            "id": "81ef43cda37b0dac34b4c53dfb523a3cfe6ced2e",
            "sensitive_content": null,
            "source": null
          },
          "sensitive_attributes": [
            [
              {
                "type": "get_attr",
                "value": "sensitive_content"
              }
            ]
          ],
          "identity_schema_version": 0
        }
      ]
    }
  ],
  "check_results": null
}
