{
  "version": 4,
  "terraform_version": "1.14.3",
  "serial": 53,
  "lineage": "5df96867-4738-4bf1-3f2b-4fed0d11d56b",
  "outputs": {},
  "resources": [
    {
      "mode": "managed",
      "type": "azurerm_linux_virtual_machine",
      "name": "vm",
      "provider": "provider[\"registry.terraform.io/hashicorp/azurerm\"]",
      "instances": [
        {
          "schema_version": 0,
          "attributes": {
            "additional_capabilities": [],
            "admin_password": null,
            "admin_ssh_key": [
              {
                "public_key": "ssh-rsa AAAAB3NzaC1yc2EAAAADAQABAAABgQCzIeUcVrJVpLuviiM7NeHyt/LjSmfl2MGpB9cpN8s32z8DPu+TMkIXPSRIq4Fe29+bheiKBQCQVhXvEH5NEBQoTTjG8YMDquxOqEjCTnDxNxB5sKni+rsR8aUyLZ+9N6zXXbGey94sNGSzNv9dOXHl/fRHb6a66QDs+5/3xawSvXnZLFLecfMTYSE4KY8kdsWNN9dPDq9g5aoNtaC29iuLvIklQ+xVyh58pDJNLjP46UmlGcZuflpLiIDKLCg60U2KwrtrcLImB8Y8to1qbK1NrHeHzYAOEgisNL9N5YZ/GLbU/zwfHV2une9xHFwPS7GZRBsn8cJpOBNuY5N+nJ7n9LWO1h4u+YKv68/siJIsFbMy383hu2WX2WcBzxk60434NrdU485qcVvRPDlzsjX9WYdfS5NyD+aZb1MUPzTjX+xso9T7yIqEl2NASpcxfOfVgUhH1g/be2utARG98LA8oVLAVnE3mtOqA7mN1WJ9VeBrS8Vlt6ffDc5t+LQ4eH8= azureuser@mallikarjun-linux\n",
                "username": "adminuser"
              }
            ],
            "admin_username": "adminuser",
            "allow_extension_operations": true,
            "availability_set_id": "",
            "boot_diagnostics": [],
            "bypass_platform_safety_checks_on_user_schedule_enabled": false,
            "capacity_reservation_group_id": "",
            "computer_name": "az-tf-linux",
            "custom_data": null,
            "dedicated_host_group_id": "",
            "dedicated_host_id": "",
            "disable_password_authentication": true,
            "disk_controller_type": "",
            "edge_zone": "",
            "encryption_at_host_enabled": false,
            "eviction_policy": "",
            "extensions_time_budget": "PT1H30M",
            "gallery_application": [],
            "id": "/subscriptions/0b5df775-c20f-49e5-9034-c2feca4e667b/resourceGroups/az-tf-rg/providers/Microsoft.Compute/virtualMachines/az-tf-linux",
            "identity": [],
            "license_type": "",
            "location": "westus",
            "max_bid_price": -1,
            "name": "az-tf-linux",
            "network_interface_ids": [
              "/subscriptions/0b5df775-c20f-49e5-9034-c2feca4e667b/resourceGroups/az-tf-rg/providers/Microsoft.Network/networkInterfaces/az-tf-nic"
            ],
            "os_disk": [
              {
                "caching": "ReadWrite",
                "diff_disk_settings": [],
                "disk_encryption_set_id": "",
                "disk_size_gb": 30,
                "name": "az-tf-linux_disk1_387bf6dfe9114c19bc587d4f8105ed43",
                "secure_vm_disk_encryption_set_id": "",
                "security_encryption_type": "",
                "storage_account_type": "Standard_LRS",
                "write_accelerator_enabled": false
              }
            ],
            "os_image_notification": [],
            "patch_assessment_mode": "ImageDefault",
            "patch_mode": "ImageDefault",
            "plan": [],
            "platform_fault_domain": -1,
            "priority": "Regular",
            "private_ip_address": "10.0.1.4",
            "private_ip_addresses": [
              "10.0.1.4"
            ],
            "provision_vm_agent": true,
            "proximity_placement_group_id": "",
            "public_ip_address": "52.241.252.204",
            "public_ip_addresses": [
              "52.241.252.204"
            ],
            "reboot_setting": "",
            "resource_group_name": "az-tf-rg",
            "secret": [],
            "secure_boot_enabled": false,
            "size": "Standard_D2s_v3",
            "source_image_id": "",
            "source_image_reference": [
              {
                "offer": "0001-com-ubuntu-server-jammy",
                "publisher": "Canonical",
                "sku": "22_04-lts",
                "version": "latest"
              }
            ],
            "tags": {
              "env": "prod"
            },
            "termination_notification": [],
            "timeouts": null,
            "user_data": "",
            "virtual_machine_id": "4201da32-7042-4da9-b874-01d374047fde",
            "virtual_machine_scale_set_id": "",
            "vm_agent_platform_updates_enabled": false,
            "vtpm_enabled": false,
            "zone": ""
          },
          "sensitive_attributes": [
            [
              {
                "type": "get_attr",
                "value": "admin_password"
              }
            ],
            [
              {
                "type": "get_attr",
                "value": "custom_data"
              }
            ]
          ],
          "identity_schema_version": 0,
          "private": "eyJlMmJmYjczMC1lY2FhLTExZTYtOGY4OC0zNDM2M2JjN2M0YzAiOnsiY3JlYXRlIjoyNzAwMDAwMDAwMDAwLCJkZWxldGUiOjI3MDAwMDAwMDAwMDAsInJlYWQiOjMwMDAwMDAwMDAwMCwidXBkYXRlIjoyNzAwMDAwMDAwMDAwfX0=",
          "dependencies": [
            "azurerm_network_interface.nic",
            "azurerm_public_ip.pip",
            "azurerm_resource_group.rg",
            "azurerm_subnet.subnet",
            "azurerm_virtual_network.vnet"
          ]
        }
      ]
    },
    {
      "mode": "managed",
      "type": "azurerm_network_interface",
      "name": "nic",
      "provider": "provider[\"registry.terraform.io/hashicorp/azurerm\"]",
      "instances": [
        {
          "schema_version": 0,
          "attributes": {
            "accelerated_networking_enabled": false,
            "applied_dns_servers": [],
            "auxiliary_mode": "",
            "auxiliary_sku": "",
            "dns_servers": [],
            "edge_zone": "",
            "enable_accelerated_networking": false,
            "enable_ip_forwarding": false,
            "id": "/subscriptions/0b5df775-c20f-49e5-9034-c2feca4e667b/resourceGroups/az-tf-rg/providers/Microsoft.Network/networkInterfaces/az-tf-nic",
            "internal_dns_name_label": "",
            "internal_domain_name_suffix": "uy402wb0kk0epkvhb5z1vrc3bh.dx.internal.cloudapp.net",
            "ip_configuration": [
              {
                "gateway_load_balancer_frontend_ip_configuration_id": "",
                "name": "internal",
                "primary": true,
                "private_ip_address": "10.0.1.4",
                "private_ip_address_allocation": "Dynamic",
                "private_ip_address_version": "IPv4",
                "public_ip_address_id": "/subscriptions/0b5df775-c20f-49e5-9034-c2feca4e667b/resourceGroups/az-tf-rg/providers/Microsoft.Network/publicIPAddresses/az-tf-pip",
                "subnet_id": "/subscriptions/0b5df775-c20f-49e5-9034-c2feca4e667b/resourceGroups/az-tf-rg/providers/Microsoft.Network/virtualNetworks/az-tf-vnet/subnets/subnet1"
              }
            ],
            "ip_forwarding_enabled": false,
            "location": "westus",
            "mac_address": "00-22-48-03-A4-D1",
            "name": "az-tf-nic",
            "private_ip_address": "10.0.1.4",
            "private_ip_addresses": [
              "10.0.1.4"
            ],
            "resource_group_name": "az-tf-rg",
            "tags": {},
            "timeouts": null,
            "virtual_machine_id": "/subscriptions/0b5df775-c20f-49e5-9034-c2feca4e667b/resourceGroups/az-tf-rg/providers/Microsoft.Compute/virtualMachines/az-tf-linux"
          },
          "sensitive_attributes": [],
          "identity_schema_version": 0,
          "private": "eyJlMmJmYjczMC1lY2FhLTExZTYtOGY4OC0zNDM2M2JjN2M0YzAiOnsiY3JlYXRlIjoxODAwMDAwMDAwMDAwLCJkZWxldGUiOjE4MDAwMDAwMDAwMDAsInJlYWQiOjMwMDAwMDAwMDAwMCwidXBkYXRlIjoxODAwMDAwMDAwMDAwfX0=",
          "dependencies": [
            "azurerm_public_ip.pip",
            "azurerm_resource_group.rg",
            "azurerm_subnet.subnet",
            "azurerm_virtual_network.vnet"
          ]
        }
      ]
    },
    {
      "mode": "managed",
      "type": "azurerm_network_interface_security_group_association",
      "name": "example",
      "provider": "provider[\"registry.terraform.io/hashicorp/azurerm\"]",
      "instances": [
        {
          "schema_version": 0,
          "attributes": {
            "id": "/subscriptions/0b5df775-c20f-49e5-9034-c2feca4e667b/resourceGroups/az-tf-rg/providers/Microsoft.Network/networkInterfaces/az-tf-nic|/subscriptions/0b5df775-c20f-49e5-9034-c2feca4e667b/resourceGroups/az-tf-rg/providers/Microsoft.Network/networkSecurityGroups/az-tf-nsg",
            "network_interface_id": "/subscriptions/0b5df775-c20f-49e5-9034-c2feca4e667b/resourceGroups/az-tf-rg/providers/Microsoft.Network/networkInterfaces/az-tf-nic",
            "network_security_group_id": "/subscriptions/0b5df775-c20f-49e5-9034-c2feca4e667b/resourceGroups/az-tf-rg/providers/Microsoft.Network/networkSecurityGroups/az-tf-nsg",
            "timeouts": null
          },
          "sensitive_attributes": [],
          "identity_schema_version": 0,
          "private": "eyJlMmJmYjczMC1lY2FhLTExZTYtOGY4OC0zNDM2M2JjN2M0YzAiOnsiY3JlYXRlIjoxODAwMDAwMDAwMDAwLCJkZWxldGUiOjE4MDAwMDAwMDAwMDAsInJlYWQiOjMwMDAwMDAwMDAwMH19",
          "dependencies": [
            "azurerm_network_interface.nic",
            "azurerm_network_security_group.nsg",
            "azurerm_public_ip.pip",
            "azurerm_resource_group.rg",
            "azurerm_subnet.subnet",
            "azurerm_virtual_network.vnet"
          ]
        }
      ]
    },
    {
      "mode": "managed",
      "type": "azurerm_network_security_group",
      "name": "nsg",
      "provider": "provider[\"registry.terraform.io/hashicorp/azurerm\"]",
      "instances": [
        {
          "schema_version": 0,
          "attributes": {
            "id": "/subscriptions/0b5df775-c20f-49e5-9034-c2feca4e667b/resourceGroups/az-tf-rg/providers/Microsoft.Network/networkSecurityGroups/az-tf-nsg",
            "location": "westus",
            "name": "az-tf-nsg",
            "resource_group_name": "az-tf-rg",
            "security_rule": [
              {
                "access": "Allow",
                "description": "",
                "destination_address_prefix": "*",
                "destination_address_prefixes": [],
                "destination_application_security_group_ids": [],
                "destination_port_range": "*",
                "destination_port_ranges": [],
                "direction": "Inbound",
                "name": "test123",
                "priority": 100,
                "protocol": "Tcp",
                "source_address_prefix": "*",
                "source_address_prefixes": [],
                "source_application_security_group_ids": [],
                "source_port_range": "22",
                "source_port_ranges": []
              }
            ],
            "tags": {
              "environment": "Production"
            },
            "timeouts": null
          },
          "sensitive_attributes": [],
          "identity_schema_version": 0,
          "private": "eyJlMmJmYjczMC1lY2FhLTExZTYtOGY4OC0zNDM2M2JjN2M0YzAiOnsiY3JlYXRlIjoxODAwMDAwMDAwMDAwLCJkZWxldGUiOjE4MDAwMDAwMDAwMDAsInJlYWQiOjMwMDAwMDAwMDAwMCwidXBkYXRlIjoxODAwMDAwMDAwMDAwfX0=",
          "dependencies": [
            "azurerm_resource_group.rg"
          ]
        }
      ]
    },
    {
      "mode": "managed",
      "type": "azurerm_public_ip",
      "name": "pip",
      "provider": "provider[\"registry.terraform.io/hashicorp/azurerm\"]",
      "instances": [
        {
          "schema_version": 0,
          "attributes": {
            "allocation_method": "Static",
            "ddos_protection_mode": "VirtualNetworkInherited",
            "ddos_protection_plan_id": null,
            "domain_name_label": null,
            "edge_zone": "",
            "fqdn": null,
            "id": "/subscriptions/0b5df775-c20f-49e5-9034-c2feca4e667b/resourceGroups/az-tf-rg/providers/Microsoft.Network/publicIPAddresses/az-tf-pip",
            "idle_timeout_in_minutes": 4,
            "ip_address": "52.241.252.204",
            "ip_tags": {},
            "ip_version": "IPv4",
            "location": "westus",
            "name": "az-tf-pip",
            "public_ip_prefix_id": null,
            "resource_group_name": "az-tf-rg",
            "reverse_fqdn": null,
            "sku": "Standard",
            "sku_tier": "Regional",
            "tags": {
              "environment": "Production"
            },
            "timeouts": null,
            "zones": []
          },
          "sensitive_attributes": [],
          "identity_schema_version": 0,
          "private": "eyJlMmJmYjczMC1lY2FhLTExZTYtOGY4OC0zNDM2M2JjN2M0YzAiOnsiY3JlYXRlIjoxODAwMDAwMDAwMDAwLCJkZWxldGUiOjE4MDAwMDAwMDAwMDAsInJlYWQiOjMwMDAwMDAwMDAwMCwidXBkYXRlIjoxODAwMDAwMDAwMDAwfX0=",
          "dependencies": [
            "azurerm_resource_group.rg"
          ]
        }
      ]
    },
    {
      "mode": "managed",
      "type": "azurerm_resource_group",
      "name": "rg",
      "provider": "provider[\"registry.terraform.io/hashicorp/azurerm\"]",
      "instances": [
        {
          "schema_version": 0,
          "attributes": {
            "id": "/subscriptions/0b5df775-c20f-49e5-9034-c2feca4e667b/resourceGroups/az-tf-rg",
            "location": "westus",
            "managed_by": "",
            "name": "az-tf-rg",
            "tags": {},
            "timeouts": null
          },
          "sensitive_attributes": [],
          "identity_schema_version": 0,
          "private": "eyJlMmJmYjczMC1lY2FhLTExZTYtOGY4OC0zNDM2M2JjN2M0YzAiOnsiY3JlYXRlIjo1NDAwMDAwMDAwMDAwLCJkZWxldGUiOjU0MDAwMDAwMDAwMDAsInJlYWQiOjMwMDAwMDAwMDAwMCwidXBkYXRlIjo1NDAwMDAwMDAwMDAwfX0="
        }
      ]
    },
    {
      "mode": "managed",
      "type": "azurerm_ssh_public_key",
      "name": "sshk",
      "provider": "provider[\"registry.terraform.io/hashicorp/azurerm\"]",
      "instances": [
        {
          "schema_version": 0,
          "attributes": {
            "id": "/subscriptions/0b5df775-c20f-49e5-9034-c2feca4e667b/resourceGroups/az-tf-rg/providers/Microsoft.Compute/sshPublicKeys/sshk",
            "location": "westus",
            "name": "sshk",
            "public_key": "ssh-rsa AAAAB3NzaC1yc2EAAAADAQABAAABgQCzIeUcVrJVpLuviiM7NeHyt/LjSmfl2MGpB9cpN8s32z8DPu+TMkIXPSRIq4Fe29+bheiKBQCQVhXvEH5NEBQoTTjG8YMDquxOqEjCTnDxNxB5sKni+rsR8aUyLZ+9N6zXXbGey94sNGSzNv9dOXHl/fRHb6a66QDs+5/3xawSvXnZLFLecfMTYSE4KY8kdsWNN9dPDq9g5aoNtaC29iuLvIklQ+xVyh58pDJNLjP46UmlGcZuflpLiIDKLCg60U2KwrtrcLImB8Y8to1qbK1NrHeHzYAOEgisNL9N5YZ/GLbU/zwfHV2une9xHFwPS7GZRBsn8cJpOBNuY5N+nJ7n9LWO1h4u+YKv68/siJIsFbMy383hu2WX2WcBzxk60434NrdU485qcVvRPDlzsjX9WYdfS5NyD+aZb1MUPzTjX+xso9T7yIqEl2NASpcxfOfVgUhH1g/be2utARG98LA8oVLAVnE3mtOqA7mN1WJ9VeBrS8Vlt6ffDc5t+LQ4eH8= azureuser@mallikarjun-linux\n",
            "resource_group_name": "az-tf-rg",
            "tags": {},
            "timeouts": null
          },
          "sensitive_attributes": [],
          "identity_schema_version": 0,
          "private": "eyJlMmJmYjczMC1lY2FhLTExZTYtOGY4OC0zNDM2M2JjN2M0YzAiOnsiY3JlYXRlIjoyNzAwMDAwMDAwMDAwLCJkZWxldGUiOjI3MDAwMDAwMDAwMDAsInJlYWQiOjMwMDAwMDAwMDAwMCwidXBkYXRlIjoyNzAwMDAwMDAwMDAwfX0=",
          "dependencies": [
            "azurerm_resource_group.rg"
          ]
        }
      ]
    },
    {
      "mode": "managed",
      "type": "azurerm_subnet",
      "name": "subnet",
      "provider": "provider[\"registry.terraform.io/hashicorp/azurerm\"]",
      "instances": [
        {
          "index_key": 0,
          "schema_version": 0,
          "attributes": {
            "address_prefixes": [
              "10.0.1.0/24"
            ],
            "default_outbound_access_enabled": true,
            "delegation": [],
            "enforce_private_link_endpoint_network_policies": false,
            "enforce_private_link_service_network_policies": false,
            "id": "/subscriptions/0b5df775-c20f-49e5-9034-c2feca4e667b/resourceGroups/az-tf-rg/providers/Microsoft.Network/virtualNetworks/az-tf-vnet/subnets/subnet1",
            "name": "subnet1",
            "private_endpoint_network_policies": "Enabled",
            "private_endpoint_network_policies_enabled": true,
            "private_link_service_network_policies_enabled": true,
            "resource_group_name": "az-tf-rg",
            "service_endpoint_policy_ids": [],
            "service_endpoints": [],
            "timeouts": null,
            "virtual_network_name": "az-tf-vnet"
          },
          "sensitive_attributes": [],
          "identity_schema_version": 0,
          "private": "eyJlMmJmYjczMC1lY2FhLTExZTYtOGY4OC0zNDM2M2JjN2M0YzAiOnsiY3JlYXRlIjoxODAwMDAwMDAwMDAwLCJkZWxldGUiOjE4MDAwMDAwMDAwMDAsInJlYWQiOjMwMDAwMDAwMDAwMCwidXBkYXRlIjoxODAwMDAwMDAwMDAwfX0=",
          "dependencies": [
            "azurerm_resource_group.rg",
            "azurerm_virtual_network.vnet"
          ]
        },
        {
          "index_key": 1,
          "schema_version": 0,
          "attributes": {
            "address_prefixes": [
              "10.0.2.0/24"
            ],
            "default_outbound_access_enabled": true,
            "delegation": [],
            "enforce_private_link_endpoint_network_policies": false,
            "enforce_private_link_service_network_policies": false,
            "id": "/subscriptions/0b5df775-c20f-49e5-9034-c2feca4e667b/resourceGroups/az-tf-rg/providers/Microsoft.Network/virtualNetworks/az-tf-vnet/subnets/subnet2",
            "name": "subnet2",
            "private_endpoint_network_policies": "Enabled",
            "private_endpoint_network_policies_enabled": true,
            "private_link_service_network_policies_enabled": true,
            "resource_group_name": "az-tf-rg",
            "service_endpoint_policy_ids": [],
            "service_endpoints": [],
            "timeouts": null,
            "virtual_network_name": "az-tf-vnet"
          },
          "sensitive_attributes": [],
          "identity_schema_version": 0,
          "private": "eyJlMmJmYjczMC1lY2FhLTExZTYtOGY4OC0zNDM2M2JjN2M0YzAiOnsiY3JlYXRlIjoxODAwMDAwMDAwMDAwLCJkZWxldGUiOjE4MDAwMDAwMDAwMDAsInJlYWQiOjMwMDAwMDAwMDAwMCwidXBkYXRlIjoxODAwMDAwMDAwMDAwfX0=",
          "dependencies": [
            "azurerm_resource_group.rg",
            "azurerm_virtual_network.vnet"
          ]
        }
      ]
    },
    {
      "mode": "managed",
      "type": "azurerm_virtual_network",
      "name": "vnet",
      "provider": "provider[\"registry.terraform.io/hashicorp/azurerm\"]",
      "instances": [
        {
          "schema_version": 0,
          "attributes": {
            "address_space": [
              "10.0.0.0/16"
            ],
            "bgp_community": "",
            "ddos_protection_plan": [],
            "dns_servers": [],
            "edge_zone": "",
            "encryption": [],
            "flow_timeout_in_minutes": 0,
            "guid": "58ae3da6-523a-47b4-aaa7-0ff3bac45d0f",
            "id": "/subscriptions/0b5df775-c20f-49e5-9034-c2feca4e667b/resourceGroups/az-tf-rg/providers/Microsoft.Network/virtualNetworks/az-tf-vnet",
            "location": "westus",
            "name": "az-tf-vnet",
            "resource_group_name": "az-tf-rg",
            "subnet": [
              {
                "address_prefix": "10.0.1.0/24",
                "id": "/subscriptions/0b5df775-c20f-49e5-9034-c2feca4e667b/resourceGroups/az-tf-rg/providers/Microsoft.Network/virtualNetworks/az-tf-vnet/subnets/subnet1",
                "name": "subnet1",
                "security_group": ""
              },
              {
                "address_prefix": "10.0.2.0/24",
                "id": "/subscriptions/0b5df775-c20f-49e5-9034-c2feca4e667b/resourceGroups/az-tf-rg/providers/Microsoft.Network/virtualNetworks/az-tf-vnet/subnets/subnet2",
                "name": "subnet2",
                "security_group": ""
              }
            ],
            "tags": {},
            "timeouts": null
          },
          "sensitive_attributes": [],
          "identity_schema_version": 0,
          "private": "eyJlMmJmYjczMC1lY2FhLTExZTYtOGY4OC0zNDM2M2JjN2M0YzAiOnsiY3JlYXRlIjoxODAwMDAwMDAwMDAwLCJkZWxldGUiOjE4MDAwMDAwMDAwMDAsInJlYWQiOjMwMDAwMDAwMDAwMCwidXBkYXRlIjoxODAwMDAwMDAwMDAwfX0=",
          "dependencies": [
            "azurerm_resource_group.rg"
          ]
        }
      ]
    }
  ],
  "check_results": null
}
